# This file is generated by running "yarn install" inside your project.
# Manual changes might be lost - proceed with caution!

__metadata:
  version: 6
  cacheKey: 8

"@types/debug@npm:^4.0.0":
  version: 4.1.12
  resolution: "@types/debug@npm:4.1.12"
  dependencies:
    "@types/ms": "*"
  checksum: 47876a852de8240bfdaf7481357af2b88cb660d30c72e73789abf00c499d6bc7cd5e52f41c915d1b9cd8ec9fef5b05688d7b7aef17f7f272c2d04679508d1053
  languageName: node
  linkType: hard

"@types/estree-jsx@npm:^1.0.0":
  version: 1.0.5
  resolution: "@types/estree-jsx@npm:1.0.5"
  dependencies:
    "@types/estree": "*"
  checksum: a028ab0cd7b2950168a05c6a86026eb3a36a54a4adfae57f13911d7b49dffe573d9c2b28421b2d029b49b3d02fcd686611be2622dc3dad6d9791166c083f6008
  languageName: node
  linkType: hard

"@types/estree@npm:*, @types/estree@npm:^1.0.0":
  version: 1.0.8
  resolution: "@types/estree@npm:1.0.8"
  checksum: bd93e2e415b6f182ec4da1074e1f36c480f1d26add3e696d54fb30c09bc470897e41361c8fd957bf0985024f8fbf1e6e2aff977d79352ef7eb93a5c6dcff6c11
  languageName: node
  linkType: hard

"@types/hast@npm:^3.0.0":
  version: 3.0.4
  resolution: "@types/hast@npm:3.0.4"
  dependencies:
    "@types/unist": "*"
  checksum: 7a973e8d16fcdf3936090fa2280f408fb2b6a4f13b42edeb5fbd614efe042b82eac68e298e556d50f6b4ad585a3a93c353e9c826feccdc77af59de8dd400d044
  languageName: node
  linkType: hard

"@types/mdast@npm:^4.0.0":
  version: 4.0.4
  resolution: "@types/mdast@npm:4.0.4"
  dependencies:
    "@types/unist": "*"
  checksum: 20c4e9574cc409db662a35cba52b068b91eb696b3049e94321219d47d34c8ccc99a142be5c76c80a538b612457b03586bc2f6b727a3e9e7530f4c8568f6282ee
  languageName: node
  linkType: hard

"@types/ms@npm:*":
  version: 2.1.0
  resolution: "@types/ms@npm:2.1.0"
  checksum: 532d2ebb91937ccc4a89389715e5b47d4c66e708d15942fe6cc25add6dc37b2be058230a327dd50f43f89b8b6d5d52b74685a9e8f70516edfc9bdd6be910eff4
  languageName: node
  linkType: hard

"@types/unist@npm:*, @types/unist@npm:^3.0.0":
  version: 3.0.3
  resolution: "@types/unist@npm:3.0.3"
  checksum: 96e6453da9e075aaef1dc22482463898198acdc1eeb99b465e65e34303e2ec1e3b1ed4469a9118275ec284dc98019f63c3f5d49422f0e4ac707e5ab90fb3b71a
  languageName: node
  linkType: hard

"@types/unist@npm:^2.0.0":
  version: 2.0.11
  resolution: "@types/unist@npm:2.0.11"
  checksum: 6d436e832bc35c6dde9f056ac515ebf2b3384a1d7f63679d12358766f9b313368077402e9c1126a14d827f10370a5485e628bf61aa91117cf4fc882423191a4e
  languageName: node
  linkType: hard

"@ungap/structured-clone@npm:^1.0.0":
  version: 1.3.0
  resolution: "@ungap/structured-clone@npm:1.3.0"
  checksum: 64ed518f49c2b31f5b50f8570a1e37bde3b62f2460042c50f132430b2d869c4a6586f13aa33a58a4722715b8158c68cae2827389d6752ac54da2893c83e480fc
  languageName: node
  linkType: hard

"bail@npm:^2.0.0":
  version: 2.0.2
  resolution: "bail@npm:2.0.2"
  checksum: aab4e8ccdc8d762bf3fdfce8e706601695620c0c2eda256dd85088dc0be3cfd7ff126f6e99c2bee1f24f5d418414aacf09d7f9702f16d6963df2fa488cda8824
  languageName: node
  linkType: hard

"ccount@npm:^2.0.0":
  version: 2.0.1
  resolution: "ccount@npm:2.0.1"
  checksum: 48193dada54c9e260e0acf57fc16171a225305548f9ad20d5471e0f7a8c026aedd8747091dccb0d900cde7df4e4ddbd235df0d8de4a64c71b12f0d3303eeafd4
  languageName: node
  linkType: hard

"character-entities-html4@npm:^2.0.0":
  version: 2.1.0
  resolution: "character-entities-html4@npm:2.1.0"
  checksum: 7034aa7c7fa90309667f6dd50499c8a760c3d3a6fb159adb4e0bada0107d194551cdbad0714302f62d06ce4ed68565c8c2e15fdef2e8f8764eb63fa92b34b11d
  languageName: node
  linkType: hard

"character-entities-legacy@npm:^3.0.0":
  version: 3.0.0
  resolution: "character-entities-legacy@npm:3.0.0"
  checksum: 7582af055cb488b626d364b7d7a4e46b06abd526fb63c0e4eb35bcb9c9799cc4f76b39f34fdccef2d1174ac95e53e9ab355aae83227c1a2505877893fce77731
  languageName: node
  linkType: hard

"character-entities@npm:^2.0.0":
  version: 2.0.2
  resolution: "character-entities@npm:2.0.2"
  checksum: cf1643814023697f725e47328fcec17923b8f1799102a8a79c1514e894815651794a2bffd84bb1b3a4b124b050154e4529ed6e81f7c8068a734aecf07a6d3def
  languageName: node
  linkType: hard

"character-reference-invalid@npm:^2.0.0":
  version: 2.0.1
  resolution: "character-reference-invalid@npm:2.0.1"
  checksum: 98d3b1a52ae510b7329e6ee7f6210df14f1e318c5415975d4c9e7ee0ef4c07875d47c6e74230c64551f12f556b4a8ccc24d9f3691a2aa197019e72a95e9297ee
  languageName: node
  linkType: hard

"comma-separated-tokens@npm:^2.0.0":
  version: 2.0.3
  resolution: "comma-separated-tokens@npm:2.0.3"
  checksum: e3bf9e0332a5c45f49b90e79bcdb4a7a85f28d6a6f0876a94f1bb9b2bfbdbbb9292aac50e1e742d8c0db1e62a0229a106f57917e2d067fca951d81737651700d
  languageName: node
  linkType: hard

"debug@npm:^4.0.0":
  version: 4.4.1
  resolution: "debug@npm:4.4.1"
  dependencies:
    ms: ^2.1.3
  peerDependenciesMeta:
    supports-color:
      optional: true
  checksum: a43826a01cda685ee4cec00fb2d3322eaa90ccadbef60d9287debc2a886be3e835d9199c80070ede75a409ee57828c4c6cd80e4b154f2843f0dc95a570dc0729
  languageName: node
  linkType: hard

"decode-named-character-reference@npm:^1.0.0":
  version: 1.2.0
  resolution: "decode-named-character-reference@npm:1.2.0"
  dependencies:
    character-entities: ^2.0.0
  checksum: f26b23046c1a137c0b41fa51e3ce07ba8364640322c742a31570999784abc8572fc24cb108a76b14ff72ddb75d35aad3d14b10d7743639112145a2664b9d1864
  languageName: node
  linkType: hard

"dequal@npm:^2.0.0":
  version: 2.0.3
  resolution: "dequal@npm:2.0.3"
  checksum: 8679b850e1a3d0ebbc46ee780d5df7b478c23f335887464023a631d1b9af051ad4a6595a44220f9ff8ff95a8ddccf019b5ad778a976fd7bbf77383d36f412f90
  languageName: node
  linkType: hard

"devlop@npm:^1.0.0, devlop@npm:^1.1.0":
  version: 1.1.0
  resolution: "devlop@npm:1.1.0"
  dependencies:
    dequal: ^2.0.0
  checksum: d2ff650bac0bb6ef08c48f3ba98640bb5fec5cce81e9957eb620408d1bab1204d382a45b785c6b3314dc867bb0684936b84c6867820da6db97cbb5d3c15dd185
  languageName: node
  linkType: hard

"estree-util-is-identifier-name@npm:^3.0.0":
  version: 3.0.0
  resolution: "estree-util-is-identifier-name@npm:3.0.0"
  checksum: ea3909f0188ea164af0aadeca87c087e3e5da78d76da5ae9c7954ff1340ea3e4679c4653bbf4299ffb70caa9b322218cc1128db2541f3d2976eb9704f9857787
  languageName: node
  linkType: hard

"extend@npm:^3.0.0":
  version: 3.0.2
  resolution: "extend@npm:3.0.2"
  checksum: a50a8309ca65ea5d426382ff09f33586527882cf532931cb08ca786ea3146c0553310bda688710ff61d7668eba9f96b923fe1420cdf56a2c3eaf30fcab87b515
  languageName: node
  linkType: hard

"hast-util-to-jsx-runtime@npm:^2.0.0":
  version: 2.3.6
  resolution: "hast-util-to-jsx-runtime@npm:2.3.6"
  dependencies:
    "@types/estree": ^1.0.0
    "@types/hast": ^3.0.0
    "@types/unist": ^3.0.0
    comma-separated-tokens: ^2.0.0
    devlop: ^1.0.0
    estree-util-is-identifier-name: ^3.0.0
    hast-util-whitespace: ^3.0.0
    mdast-util-mdx-expression: ^2.0.0
    mdast-util-mdx-jsx: ^3.0.0
    mdast-util-mdxjs-esm: ^2.0.0
    property-information: ^7.0.0
    space-separated-tokens: ^2.0.0
    style-to-js: ^1.0.0
    unist-util-position: ^5.0.0
    vfile-message: ^4.0.0
  checksum: 78c25465cf010f1004b22f0bbb3bd47793f458ead3561c779ea2b9204ceb1adc9c048592b0a15025df0c683a12ebe16a8bef008c06d9c0369f51116f64b35a2d
  languageName: node
  linkType: hard

"hast-util-whitespace@npm:^3.0.0":
  version: 3.0.0
  resolution: "hast-util-whitespace@npm:3.0.0"
  dependencies:
    "@types/hast": ^3.0.0
  checksum: 41d93ccce218ba935dc3c12acdf586193c35069489c8c8f50c2aa824c00dec94a3c78b03d1db40fa75381942a189161922e4b7bca700b3a2cc779634c351a1e4
  languageName: node
  linkType: hard

"html-url-attributes@npm:^3.0.0":
  version: 3.0.1
  resolution: "html-url-attributes@npm:3.0.1"
  checksum: 1ecbf9cae0c438d2802386710177b7bbf7e30cc61327e9f125eb32fca7302cd1e3ab45c441859cb1e7646109be322fc1163592ad4dfde9b14d09416d101a6573
  languageName: node
  linkType: hard

"inline-style-parser@npm:0.2.4":
  version: 0.2.4
  resolution: "inline-style-parser@npm:0.2.4"
  checksum: 5df20a21dd8d67104faaae29774bb50dc9690c75bc5c45dac107559670a5530104ead72c4cf54f390026e617e7014c65b3d68fb0bb573a37c4d1f94e9c36e1ca
  languageName: node
  linkType: hard

"is-alphabetical@npm:^2.0.0":
  version: 2.0.1
  resolution: "is-alphabetical@npm:2.0.1"
  checksum: 56207db8d9de0850f0cd30f4966bf731eb82cedfe496cbc2e97e7c3bacaf66fc54a972d2d08c0d93bb679cb84976a05d24c5ad63de56fabbfc60aadae312edaa
  languageName: node
  linkType: hard

"is-alphanumerical@npm:^2.0.0":
  version: 2.0.1
  resolution: "is-alphanumerical@npm:2.0.1"
  dependencies:
    is-alphabetical: ^2.0.0
    is-decimal: ^2.0.0
  checksum: 87acc068008d4c9c4e9f5bd5e251041d42e7a50995c77b1499cf6ed248f971aadeddb11f239cabf09f7975ee58cac7a48ffc170b7890076d8d227b24a68663c9
  languageName: node
  linkType: hard

"is-decimal@npm:^2.0.0":
  version: 2.0.1
  resolution: "is-decimal@npm:2.0.1"
  checksum: 97132de7acdce77caa7b797632970a2ecd649a88e715db0e4dbc00ab0708b5e7574ba5903962c860cd4894a14fd12b100c0c4ac8aed445cf6f55c6cf747a4158
  languageName: node
  linkType: hard

"is-hexadecimal@npm:^2.0.0":
  version: 2.0.1
  resolution: "is-hexadecimal@npm:2.0.1"
  checksum: 66a2ea85994c622858f063f23eda506db29d92b52580709eb6f4c19550552d4dcf3fb81952e52f7cf972097237959e00adc7bb8c9400cd12886e15bf06145321
  languageName: node
  linkType: hard

"is-plain-obj@npm:^4.0.0":
  version: 4.1.0
  resolution: "is-plain-obj@npm:4.1.0"
  checksum: 6dc45da70d04a81f35c9310971e78a6a3c7a63547ef782e3a07ee3674695081b6ca4e977fbb8efc48dae3375e0b34558d2bcd722aec9bddfa2d7db5b041be8ce
  languageName: node
  linkType: hard

"longest-streak@npm:^3.0.0":
  version: 3.1.0
  resolution: "longest-streak@npm:3.1.0"
  checksum: d7f952ed004cbdb5c8bcfc4f7f5c3d65449e6c5a9e9be4505a656e3df5a57ee125f284286b4bf8ecea0c21a7b3bf2b8f9001ad506c319b9815ad6a63a47d0fd0
  languageName: node
  linkType: hard

"mdast-util-from-markdown@npm:^2.0.0":
  version: 2.0.2
  resolution: "mdast-util-from-markdown@npm:2.0.2"
  dependencies:
    "@types/mdast": ^4.0.0
    "@types/unist": ^3.0.0
    decode-named-character-reference: ^1.0.0
    devlop: ^1.0.0
    mdast-util-to-string: ^4.0.0
    micromark: ^4.0.0
    micromark-util-decode-numeric-character-reference: ^2.0.0
    micromark-util-decode-string: ^2.0.0
    micromark-util-normalize-identifier: ^2.0.0
    micromark-util-symbol: ^2.0.0
    micromark-util-types: ^2.0.0
    unist-util-stringify-position: ^4.0.0
  checksum: 1ad19f48b30ac6e0cb756070c210c78ad93c26876edfb3f75127783bc6df8b9402016d8f3e9964f3d1d5430503138ec65c145e869438727e1aa7f3cebf228fba
  languageName: node
  linkType: hard

"mdast-util-mdx-expression@npm:^2.0.0":
  version: 2.0.1
  resolution: "mdast-util-mdx-expression@npm:2.0.1"
  dependencies:
    "@types/estree-jsx": ^1.0.0
    "@types/hast": ^3.0.0
    "@types/mdast": ^4.0.0
    devlop: ^1.0.0
    mdast-util-from-markdown: ^2.0.0
    mdast-util-to-markdown: ^2.0.0
  checksum: 6af56b06bde3ab971129db9855dcf0d31806c70b3b052d7a90a5499a366b57ffd0c2efca67d281c448c557298ba7e3e61bd07133733b735440840dd339b28e19
  languageName: node
  linkType: hard

"mdast-util-mdx-jsx@npm:^3.0.0":
  version: 3.2.0
  resolution: "mdast-util-mdx-jsx@npm:3.2.0"
  dependencies:
    "@types/estree-jsx": ^1.0.0
    "@types/hast": ^3.0.0
    "@types/mdast": ^4.0.0
    "@types/unist": ^3.0.0
    ccount: ^2.0.0
    devlop: ^1.1.0
    mdast-util-from-markdown: ^2.0.0
    mdast-util-to-markdown: ^2.0.0
    parse-entities: ^4.0.0
    stringify-entities: ^4.0.0
    unist-util-stringify-position: ^4.0.0
    vfile-message: ^4.0.0
  checksum: 224f5f6ad247f0f2622ee36c82ac7a4c6a60c31850de4056bf95f531bd2f7ec8943ef34dfe8a8375851f65c07e4913c4f33045d703df4ff4d11b2de5a088f7f9
  languageName: node
  linkType: hard

"mdast-util-mdxjs-esm@npm:^2.0.0":
  version: 2.0.1
  resolution: "mdast-util-mdxjs-esm@npm:2.0.1"
  dependencies:
    "@types/estree-jsx": ^1.0.0
    "@types/hast": ^3.0.0
    "@types/mdast": ^4.0.0
    devlop: ^1.0.0
    mdast-util-from-markdown: ^2.0.0
    mdast-util-to-markdown: ^2.0.0
  checksum: 1f9dad04d31d59005332e9157ea9510dc1d03092aadbc607a10475c7eec1c158b475aa0601a3a4f74e13097ca735deb8c2d9d37928ddef25d3029fd7c9e14dc3
  languageName: node
  linkType: hard

"mdast-util-phrasing@npm:^4.0.0":
  version: 4.1.0
  resolution: "mdast-util-phrasing@npm:4.1.0"
  dependencies:
    "@types/mdast": ^4.0.0
    unist-util-is: ^6.0.0
  checksum: 3a97533e8ad104a422f8bebb34b3dde4f17167b8ed3a721cf9263c7416bd3447d2364e6d012a594aada40cac9e949db28a060bb71a982231693609034ed5324e
  languageName: node
  linkType: hard

"mdast-util-to-hast@npm:^13.0.0":
  version: 13.2.0
  resolution: "mdast-util-to-hast@npm:13.2.0"
  dependencies:
    "@types/hast": ^3.0.0
    "@types/mdast": ^4.0.0
    "@ungap/structured-clone": ^1.0.0
    devlop: ^1.0.0
    micromark-util-sanitize-uri: ^2.0.0
    trim-lines: ^3.0.0
    unist-util-position: ^5.0.0
    unist-util-visit: ^5.0.0
    vfile: ^6.0.0
  checksum: 7e5231ff3d4e35e1421908437577fd5098141f64918ff5cc8a0f7a8a76c5407f7a3ee88d75f7a1f7afb763989c9f357475fa0ba8296c00aaff1e940098fe86a6
  languageName: node
  linkType: hard

"mdast-util-to-markdown@npm:^2.0.0":
  version: 2.1.2
  resolution: "mdast-util-to-markdown@npm:2.1.2"
  dependencies:
    "@types/mdast": ^4.0.0
    "@types/unist": ^3.0.0
    longest-streak: ^3.0.0
    mdast-util-phrasing: ^4.0.0
    mdast-util-to-string: ^4.0.0
    micromark-util-classify-character: ^2.0.0
    micromark-util-decode-string: ^2.0.0
    unist-util-visit: ^5.0.0
    zwitch: ^2.0.0
  checksum: 288d152bd50c00632e6e01c610bb904a220d1e226c8086c40627877959746f83ab0b872f4150cb7d910198953b1bf756e384ac3fee3e7b0ddb4517f9084c5803
  languageName: node
  linkType: hard

"mdast-util-to-string@npm:^4.0.0":
  version: 4.0.0
  resolution: "mdast-util-to-string@npm:4.0.0"
  dependencies:
    "@types/mdast": ^4.0.0
  checksum: 35489fb5710d58cbc2d6c8b6547df161a3f81e0f28f320dfb3548a9393555daf07c310c0c497708e67ed4dfea4a06e5655799e7d631ca91420c288b4525d6c29
  languageName: node
  linkType: hard

"micromark-core-commonmark@npm:^2.0.0":
  version: 2.0.3
  resolution: "micromark-core-commonmark@npm:2.0.3"
  dependencies:
    decode-named-character-reference: ^1.0.0
    devlop: ^1.0.0
    micromark-factory-destination: ^2.0.0
    micromark-factory-label: ^2.0.0
    micromark-factory-space: ^2.0.0
    micromark-factory-title: ^2.0.0
    micromark-factory-whitespace: ^2.0.0
    micromark-util-character: ^2.0.0
    micromark-util-chunked: ^2.0.0
    micromark-util-classify-character: ^2.0.0
    micromark-util-html-tag-name: ^2.0.0
    micromark-util-normalize-identifier: ^2.0.0
    micromark-util-resolve-all: ^2.0.0
    micromark-util-subtokenize: ^2.0.0
    micromark-util-symbol: ^2.0.0
    micromark-util-types: ^2.0.0
  checksum: cfb0fd9c895f86a4e9344f7f0344fe6bd1018945798222835248146a42430b8c7bc0b2857af574cf4e1b4ce4e5c1a35a1479942421492e37baddde8de85814dc
  languageName: node
  linkType: hard

"micromark-factory-destination@npm:^2.0.0":
  version: 2.0.1
  resolution: "micromark-factory-destination@npm:2.0.1"
  dependencies:
    micromark-util-character: ^2.0.0
    micromark-util-symbol: ^2.0.0
    micromark-util-types: ^2.0.0
  checksum: 9c4baa9ca2ed43c061bbf40ddd3d85154c2a0f1f485de9dea41d7dd2ad994ebb02034a003b2c1dbe228ba83a0576d591f0e90e0bf978713f84ee7d7f3aa98320
  languageName: node
  linkType: hard

"micromark-factory-label@npm:^2.0.0":
  version: 2.0.1
  resolution: "micromark-factory-label@npm:2.0.1"
  dependencies:
    devlop: ^1.0.0
    micromark-util-character: ^2.0.0
    micromark-util-symbol: ^2.0.0
    micromark-util-types: ^2.0.0
  checksum: bd03f5a75f27cdbf03b894ddc5c4480fc0763061fecf9eb927d6429233c930394f223969a99472df142d570c831236134de3dc23245d23d9f046f9d0b623b5c2
  languageName: node
  linkType: hard

"micromark-factory-space@npm:^2.0.0":
  version: 2.0.1
  resolution: "micromark-factory-space@npm:2.0.1"
  dependencies:
    micromark-util-character: ^2.0.0
    micromark-util-types: ^2.0.0
  checksum: 1bd68a017c1a66f4787506660c1e1c5019169aac3b1cb075d49ac5e360e0b2065e984d4e1d6e9e52a9d44000f2fa1c98e66a743d7aae78b4b05616bf3242ed71
  languageName: node
  linkType: hard

"micromark-factory-title@npm:^2.0.0":
  version: 2.0.1
  resolution: "micromark-factory-title@npm:2.0.1"
  dependencies:
    micromark-factory-space: ^2.0.0
    micromark-util-character: ^2.0.0
    micromark-util-symbol: ^2.0.0
    micromark-util-types: ^2.0.0
  checksum: b4d2e4850a8ba0dff25ce54e55a3eb0d43dda88a16293f53953153288f9d84bcdfa8ca4606b2cfbb4f132ea79587bbb478a73092a349f893f5264fbcdbce2ee1
  languageName: node
  linkType: hard

"micromark-factory-whitespace@npm:^2.0.0":
  version: 2.0.1
  resolution: "micromark-factory-whitespace@npm:2.0.1"
  dependencies:
    micromark-factory-space: ^2.0.0
    micromark-util-character: ^2.0.0
    micromark-util-symbol: ^2.0.0
    micromark-util-types: ^2.0.0
  checksum: 67b3944d012a42fee9e10e99178254a04d48af762b54c10a50fcab988688799993efb038daf9f5dbc04001a97b9c1b673fc6f00e6a56997877ab25449f0c8650
  languageName: node
  linkType: hard

"micromark-util-character@npm:^2.0.0":
  version: 2.1.1
  resolution: "micromark-util-character@npm:2.1.1"
  dependencies:
    micromark-util-symbol: ^2.0.0
    micromark-util-types: ^2.0.0
  checksum: e9e409efe4f2596acd44587e8591b722bfc041c1577e8fe0d9c007a4776fb800f9b3637a22862ad2ba9489f4bdf72bb547fce5767dbbfe0a5e6760e2a21c6495
  languageName: node
  linkType: hard

"micromark-util-chunked@npm:^2.0.0":
  version: 2.0.1
  resolution: "micromark-util-chunked@npm:2.0.1"
  dependencies:
    micromark-util-symbol: ^2.0.0
  checksum: f8cb2a67bcefe4bd2846d838c97b777101f0043b9f1de4f69baf3e26bb1f9885948444e3c3aec66db7595cad8173bd4567a000eb933576c233d54631f6323fe4
  languageName: node
  linkType: hard

"micromark-util-classify-character@npm:^2.0.0":
  version: 2.0.1
  resolution: "micromark-util-classify-character@npm:2.0.1"
  dependencies:
    micromark-util-character: ^2.0.0
    micromark-util-symbol: ^2.0.0
    micromark-util-types: ^2.0.0
  checksum: 4d8bbe3a6dbf69ac0fc43516866b5bab019fe3f4568edc525d4feaaaf78423fa54e6b6732b5bccbeed924455279a3758ffc9556954aafb903982598a95a02704
  languageName: node
  linkType: hard

"micromark-util-combine-extensions@npm:^2.0.0":
  version: 2.0.1
  resolution: "micromark-util-combine-extensions@npm:2.0.1"
  dependencies:
    micromark-util-chunked: ^2.0.0
    micromark-util-types: ^2.0.0
  checksum: 5d22fb9ee37e8143adfe128a72b50fa09568c2cc553b3c76160486c96dbbb298c5802a177a10a215144a604b381796071b5d35be1f2c2b2ee17995eda92f0c8e
  languageName: node
  linkType: hard

"micromark-util-decode-numeric-character-reference@npm:^2.0.0":
  version: 2.0.2
  resolution: "micromark-util-decode-numeric-character-reference@npm:2.0.2"
  dependencies:
    micromark-util-symbol: ^2.0.0
  checksum: ee11c8bde51e250e302050474c4a2adca094bca05c69f6cdd241af12df285c48c88d19ee6e022b9728281c280be16328904adca994605680c43af56019f4b0b6
  languageName: node
  linkType: hard

"micromark-util-decode-string@npm:^2.0.0":
  version: 2.0.1
  resolution: "micromark-util-decode-string@npm:2.0.1"
  dependencies:
    decode-named-character-reference: ^1.0.0
    micromark-util-character: ^2.0.0
    micromark-util-decode-numeric-character-reference: ^2.0.0
    micromark-util-symbol: ^2.0.0
  checksum: e9546ae53f9b5a4f9aa6aaf3e750087100d3429485ca80dbacec99ff2bb15a406fa7d93784a0fc2fe05ad7296b9295e75160ef71faec9e90110b7be2ae66241a
  languageName: node
  linkType: hard

"micromark-util-encode@npm:^2.0.0":
  version: 2.0.1
  resolution: "micromark-util-encode@npm:2.0.1"
  checksum: be890b98e78dd0cdd953a313f4148c4692cc2fb05533e56fef5f421287d3c08feee38ca679f318e740530791fc251bfe8c80efa926fcceb4419b269c9343d226
  languageName: node
  linkType: hard

"micromark-util-html-tag-name@npm:^2.0.0":
  version: 2.0.1
  resolution: "micromark-util-html-tag-name@npm:2.0.1"
  checksum: dea365f5ad28ad74ff29fcb581f7b74fc1f80271c5141b3b2bc91c454cbb6dfca753f28ae03730d657874fcbd89d0494d0e3965dfdca06d9855f467c576afa9d
  languageName: node
  linkType: hard

"micromark-util-normalize-identifier@npm:^2.0.0":
  version: 2.0.1
  resolution: "micromark-util-normalize-identifier@npm:2.0.1"
  dependencies:
    micromark-util-symbol: ^2.0.0
  checksum: 1eb9a289d7da067323df9fdc78bfa90ca3207ad8fd893ca02f3133e973adcb3743b233393d23d95c84ccaf5d220ae7f5a28402a644f135dcd4b8cfa60a7b5f84
  languageName: node
  linkType: hard

"micromark-util-resolve-all@npm:^2.0.0":
  version: 2.0.1
  resolution: "micromark-util-resolve-all@npm:2.0.1"
  dependencies:
    micromark-util-types: ^2.0.0
  checksum: 9275f3ddb6c26f254dd2158e66215d050454b279707a7d9ce5a3cd0eba23201021cedcb78ae1a746c1b23227dcc418ee40dd074ade195359506797a5493550cc
  languageName: node
  linkType: hard

"micromark-util-sanitize-uri@npm:^2.0.0":
  version: 2.0.1
  resolution: "micromark-util-sanitize-uri@npm:2.0.1"
  dependencies:
    micromark-util-character: ^2.0.0
    micromark-util-encode: ^2.0.0
    micromark-util-symbol: ^2.0.0
  checksum: d01517840c17de67aaa0b0f03bfe05fac8a41d99723cd8ce16c62f6810e99cd3695364a34c335485018e5e2c00e69031744630a1b85c6868aa2f2ca1b36daa2f
  languageName: node
  linkType: hard

"micromark-util-subtokenize@npm:^2.0.0":
  version: 2.1.0
  resolution: "micromark-util-subtokenize@npm:2.1.0"
  dependencies:
    devlop: ^1.0.0
    micromark-util-chunked: ^2.0.0
    micromark-util-symbol: ^2.0.0
    micromark-util-types: ^2.0.0
  checksum: 2e194bc8a5279d256582020500e5072a95c1094571be49043704343032e1fffbe09c862ef9c131cf5c762e296ddb54ff8bc767b3786a798524a68d1db6942934
  languageName: node
  linkType: hard

"micromark-util-symbol@npm:^2.0.0":
  version: 2.0.1
  resolution: "micromark-util-symbol@npm:2.0.1"
  checksum: fb7346950550bc85a55793dda94a8b3cb3abc068dbd7570d1162db7aee803411d06c0a5de4ae59cd945f46143bdeadd4bba02a02248fa0d18cc577babaa00044
  languageName: node
  linkType: hard

"micromark-util-types@npm:^2.0.0":
  version: 2.0.2
  resolution: "micromark-util-types@npm:2.0.2"
  checksum: 884f7974839e4bc6d2bd662e57c973a9164fd5c0d8fe16cddf07472b86a7e6726747c00674952c0321d17685d700cd3295e9f58a842a53acdf6c6d55ab051aab
  languageName: node
  linkType: hard

"micromark@npm:^4.0.0":
  version: 4.0.2
  resolution: "micromark@npm:4.0.2"
  dependencies:
    "@types/debug": ^4.0.0
    debug: ^4.0.0
    decode-named-character-reference: ^1.0.0
    devlop: ^1.0.0
    micromark-core-commonmark: ^2.0.0
    micromark-factory-space: ^2.0.0
    micromark-util-character: ^2.0.0
    micromark-util-chunked: ^2.0.0
    micromark-util-combine-extensions: ^2.0.0
    micromark-util-decode-numeric-character-reference: ^2.0.0
    micromark-util-encode: ^2.0.0
    micromark-util-normalize-identifier: ^2.0.0
    micromark-util-resolve-all: ^2.0.0
    micromark-util-sanitize-uri: ^2.0.0
    micromark-util-subtokenize: ^2.0.0
    micromark-util-symbol: ^2.0.0
    micromark-util-types: ^2.0.0
  checksum: 5306c15dd12f543755bc627fc361d4255dfc430e7af6069a07ac0eacc338fbd761fe8e93f02a8bfab6097bab12ee903192fe31389222459d5029242a5aaba3b8
  languageName: node
  linkType: hard

"ms@npm:^2.1.3":
  version: 2.1.3
  resolution: "ms@npm:2.1.3"
  checksum: aa92de608021b242401676e35cfa5aa42dd70cbdc082b916da7fb925c542173e36bce97ea3e804923fe92c0ad991434e4a38327e15a1b5b5f945d66df615ae6d
  languageName: node
  linkType: hard

"parse-entities@npm:^4.0.0":
  version: 4.0.2
  resolution: "parse-entities@npm:4.0.2"
  dependencies:
    "@types/unist": ^2.0.0
    character-entities-legacy: ^3.0.0
    character-reference-invalid: ^2.0.0
    decode-named-character-reference: ^1.0.0
    is-alphanumerical: ^2.0.0
    is-decimal: ^2.0.0
    is-hexadecimal: ^2.0.0
  checksum: db22b46da1a62af00409c929ac49fbd306b5ebf0dbacf4646d2ae2b58616ef90a40eedc282568a3cf740fac2a7928bc97146973a628f6977ca274dedc2ad6edc
  languageName: node
  linkType: hard

"property-information@npm:^7.0.0":
  version: 7.1.0
  resolution: "property-information@npm:7.1.0"
  checksum: 3875161d204bac89d75181f6d3ebc3ecaeb2699b4e2ecfcf5452201d7cdd275168c6742d7ff8cec5ab0c342fae72369ac705e1f8e9680a9acd911692e80dfb88
  languageName: node
  linkType: hard

"react-markdown@npm:^10.1.0":
  version: 10.1.0
  resolution: "react-markdown@npm:10.1.0"
  dependencies:
    "@types/hast": ^3.0.0
    "@types/mdast": ^4.0.0
    devlop: ^1.0.0
    hast-util-to-jsx-runtime: ^2.0.0
    html-url-attributes: ^3.0.0
    mdast-util-to-hast: ^13.0.0
    remark-parse: ^11.0.0
    remark-rehype: ^11.0.0
    unified: ^11.0.0
    unist-util-visit: ^5.0.0
    vfile: ^6.0.0
  peerDependencies:
    "@types/react": ">=18"
    react: ">=18"
  checksum: fa7ef860e32a18206c5b301de8672be609b108f46f0f091e9779d50ff8145bd63d0f6e82ffb18fc1b7aee2264cbdac1100205596ff10d2c3d2de6627abb3868f
  languageName: node
  linkType: hard

"remark-parse@npm:^11.0.0":
  version: 11.0.0
  resolution: "remark-parse@npm:11.0.0"
  dependencies:
    "@types/mdast": ^4.0.0
    mdast-util-from-markdown: ^2.0.0
    micromark-util-types: ^2.0.0
    unified: ^11.0.0
  checksum: d83d245290fa84bb04fb3e78111f09c74f7417e7c012a64dd8dc04fccc3699036d828fbd8eeec8944f774b6c30cc1d925c98f8c46495ebcee7c595496342ab7f
  languageName: node
  linkType: hard

"remark-rehype@npm:^11.0.0":
  version: 11.1.2
  resolution: "remark-rehype@npm:11.1.2"
  dependencies:
    "@types/hast": ^3.0.0
    "@types/mdast": ^4.0.0
    mdast-util-to-hast: ^13.0.0
    unified: ^11.0.0
    vfile: ^6.0.0
  checksum: 6eab55cb3464ec01d8e002cc9fe02ae57f48162899693fd53b5ba553ac8699dae7b55fce9df7131a5981313b19b495d6fbfa98a9d6bd243e7485591364d9b5b3
  languageName: node
  linkType: hard

"root-workspace-0b6124@workspace:.":
  version: 0.0.0-use.local
  resolution: "root-workspace-0b6124@workspace:."
  dependencies:
    react-markdown: ^10.1.0
  languageName: unknown
  linkType: soft

"space-separated-tokens@npm:^2.0.0":
  version: 2.0.2
  resolution: "space-separated-tokens@npm:2.0.2"
  checksum: 202e97d7ca1ba0758a0aa4fe226ff98142073bcceeff2da3aad037968878552c3bbce3b3231970025375bbba5aee00c5b8206eda408da837ab2dc9c0f26be990
  languageName: node
  linkType: hard

"stringify-entities@npm:^4.0.0":
  version: 4.0.4
  resolution: "stringify-entities@npm:4.0.4"
  dependencies:
    character-entities-html4: ^2.0.0
    character-entities-legacy: ^3.0.0
  checksum: ac1344ef211eacf6cf0a0a8feaf96f9c36083835b406560d2c6ff5a87406a41b13f2f0b4c570a3b391f465121c4fd6822b863ffb197e8c0601a64097862cc5b5
  languageName: node
  linkType: hard

"style-to-js@npm:^1.0.0":
  version: 1.1.17
  resolution: "style-to-js@npm:1.1.17"
  dependencies:
    style-to-object: 1.0.9
  checksum: cdf92a0a42383fcc535972b7ec73395b53e370e5eaa345faf4d360f7918789cd73a20a79eef6d764b6441ff2e532a42ad5830ab87fec60a9dfc177fa438a6876
  languageName: node
  linkType: hard

"style-to-object@npm:1.0.9":
  version: 1.0.9
  resolution: "style-to-object@npm:1.0.9"
  dependencies:
    inline-style-parser: 0.2.4
  checksum: a89e229161a56c53e28d1b91dcdc902f482f577db8b13741d3f056df7df0fbff4ecb44e06e32960f11c3a477b26f056e889a223bef6bc72b162935c5e4828145
  languageName: node
  linkType: hard

"trim-lines@npm:^3.0.0":
  version: 3.0.1
  resolution: "trim-lines@npm:3.0.1"
  checksum: e241da104682a0e0d807222cc1496b92e716af4db7a002f4aeff33ae6a0024fef93165d49eab11aa07c71e1347c42d46563f91dfaa4d3fb945aa535cdead53ed
  languageName: node
  linkType: hard

"trough@npm:^2.0.0":
  version: 2.2.0
  resolution: "trough@npm:2.2.0"
  checksum: 6097df63169aca1f9b08c263b1b501a9b878387f46e161dde93f6d0bba7febba93c95f876a293c5ea370f6cb03bcb687b2488c8955c3cfb66c2c0161ea8c00f6
  languageName: node
  linkType: hard

"unified@npm:^11.0.0":
  version: 11.0.5
  resolution: "unified@npm:11.0.5"
  dependencies:
    "@types/unist": ^3.0.0
    bail: ^2.0.0
    devlop: ^1.0.0
    extend: ^3.0.0
    is-plain-obj: ^4.0.0
    trough: ^2.0.0
    vfile: ^6.0.0
  checksum: b3bf7fd6f568cc261e074dae21188483b0f2a8ab858d62e6e85b75b96cc655f59532906ae3c64d56a9b257408722d71f1d4135292b3d7ee02907c8b592fb3cf0
  languageName: node
  linkType: hard

"unist-util-is@npm:^6.0.0":
  version: 6.0.0
  resolution: "unist-util-is@npm:6.0.0"
  dependencies:
    "@types/unist": ^3.0.0
  checksum: f630a925126594af9993b091cf807b86811371e465b5049a6283e08537d3e6ba0f7e248e1e7dab52cfe33f9002606acef093441137181b327f6fe504884b20e2
  languageName: node
  linkType: hard

"unist-util-position@npm:^5.0.0":
  version: 5.0.0
  resolution: "unist-util-position@npm:5.0.0"
  dependencies:
    "@types/unist": ^3.0.0
  checksum: f89b27989b19f07878de9579cd8db2aa0194c8360db69e2c99bd2124a480d79c08f04b73a64daf01a8fb3af7cba65ff4b45a0b978ca243226084ad5f5d441dde
  languageName: node
  linkType: hard

"unist-util-stringify-position@npm:^4.0.0":
  version: 4.0.0
  resolution: "unist-util-stringify-position@npm:4.0.0"
  dependencies:
    "@types/unist": ^3.0.0
  checksum: e2e7aee4b92ddb64d314b4ac89eef7a46e4c829cbd3ee4aee516d100772b490eb6b4974f653ba0717a0071ca6ea0770bf22b0a2ea62c65fcba1d071285e96324
  languageName: node
  linkType: hard

"unist-util-visit-parents@npm:^6.0.0":
  version: 6.0.1
  resolution: "unist-util-visit-parents@npm:6.0.1"
  dependencies:
    "@types/unist": ^3.0.0
    unist-util-is: ^6.0.0
  checksum: 08927647c579f63b91aafcbec9966dc4a7d0af1e5e26fc69f4e3e6a01215084835a2321b06f3cbe7bf7914a852830fc1439f0fc3d7153d8804ac3ef851ddfa20
  languageName: node
  linkType: hard

"unist-util-visit@npm:^5.0.0":
  version: 5.0.0
  resolution: "unist-util-visit@npm:5.0.0"
  dependencies:
    "@types/unist": ^3.0.0
    unist-util-is: ^6.0.0
    unist-util-visit-parents: ^6.0.0
  checksum: 9ec42e618e7e5d0202f3c191cd30791b51641285732767ee2e6bcd035931032e3c1b29093f4d7fd0c79175bbc1f26f24f26ee49770d32be76f8730a652a857e6
  languageName: node
  linkType: hard

"vfile-message@npm:^4.0.0":
  version: 4.0.2
  resolution: "vfile-message@npm:4.0.2"
  dependencies:
    "@types/unist": ^3.0.0
    unist-util-stringify-position: ^4.0.0
  checksum: 964e7e119f4c0e0270fc269119c41c96da20afa01acb7c9809a88365c8e0c64aa692fafbd952669382b978002ecd7ad31ef4446d85e8a22cdb62f6df20186c2d
  languageName: node
  linkType: hard

"vfile@npm:^6.0.0":
  version: 6.0.3
  resolution: "vfile@npm:6.0.3"
  dependencies:
    "@types/unist": ^3.0.0
    vfile-message: ^4.0.0
  checksum: 152b6729be1af70df723efb65c1a1170fd483d41086557da3651eea69a1dd1f0c22ea4344834d56d30734b9185bcab63e22edc81d3f0e9bed8aa4660d61080af
  languageName: node
  linkType: hard

"zwitch@npm:^2.0.0":
  version: 2.0.4
  resolution: "zwitch@npm:2.0.4"
  checksum: f22ec5fc2d5f02c423c93d35cdfa83573a3a3bd98c66b927c368ea4d0e7252a500df2a90a6b45522be536a96a73404393c958e945fdba95e6832c200791702b6
  languageName: node
  linkType: hard
